
Microsoft Visual Studio Solution File, Format Version 12.00
# Visual Studio Version 17
VisualStudioVersion = 17.8.34511.84
MinimumVisualStudioVersion = 10.0.40219.1
Project("{FAE04EC0-301F-11D3-BF4B-00C04F79EFBC}") = "GameNoteBlazor", "GameNoteBlazor.csproj", "{3435F161-A027-45A6-A7B0-B18989A56EC2}"
EndProject
Global
	GlobalSection(SolutionConfigurationPlatforms) = preSolution
		Debug|Any CPU = Debug|Any CPU
		Release|Any CPU = Release|Any CPU
	EndGlobalSection
	GlobalSection(ProjectConfigurationPlatforms) = postSolution
		{3435F161-A027-45A6-A7B0-B18989A56EC2}.Debug|Any CPU.ActiveCfg = Debug|Any CPU
		{3435F161-A027-45A6-A7B0-B18989A56EC2}.Debug|Any CPU.Build.0 = Debug|Any CPU
		{3435F161-A027-45A6-A7B0-B18989A56EC2}.Release|Any CPU.ActiveCfg = Release|Any CPU
		{3435F161-A027-45A6-A7B0-B18989A56EC2}.Release|Any CPU.Build.0 = Release|Any CPU
	EndGlobalSection
	GlobalSection(SolutionProperties) = preSolution
		HideSolutionNode = FALSE
	EndGlobalSection
	GlobalSection(ExtensibilityGlobals) = postSolution
		SolutionGuid = {1BEC05C1-0A87-4A82-873D-81FBB5C8A9FA}
	EndGlobalSection
EndGlobal
